// !$*UTF8*$!
{
	archiveVersion = 1;
	classes = {
	};
	objectVersion = 56;
	objects = {

/* Begin PBXBuildFile section */
		9B4721D429CAA01200FE352B /* RecipeData.swift in Sources */ = {isa = PBXBuildFile; fileRef = 9B4721D329CAA01200FE352B /* RecipeData.swift */; };
		9B6DE9452A465CE200FA9E59 /* RecipeCategoryGridView.swift in Sources */ = {isa = PBXBuildFile; fileRef = 9B6DE9442A465CE200FA9E59 /* RecipeCategoryGridView.swift */; };
		9B6DE9472A4674E400FA9E59 /* RecipeDetailView.swift in Sources */ = {isa = PBXBuildFile; fileRef = 9B6DE9462A4674E400FA9E59 /* RecipeDetailView.swift */; };
		9B6DE9492A46756C00FA9E59 /* AppColor.swift in Sources */ = {isa = PBXBuildFile; fileRef = 9B6DE9482A46756C00FA9E59 /* AppColor.swift */; };
		9B6DE9672A48012D00FA9E59 /* ModifyRecipeView.swift in Sources */ = {isa = PBXBuildFile; fileRef = 9B6DE9662A48012D00FA9E59 /* ModifyRecipeView.swift */; };
		9B7168B829C4C4D600938E0B /* CookademyApp.swift in Sources */ = {isa = PBXBuildFile; fileRef = 9B7168B729C4C4D600938E0B /* CookademyApp.swift */; };
		9B7168BA29C4C4D600938E0B /* RecipesListView.swift in Sources */ = {isa = PBXBuildFile; fileRef = 9B7168B929C4C4D600938E0B /* RecipesListView.swift */; };
		9B7168BC29C4C4D800938E0B /* Assets.xcassets in Resources */ = {isa = PBXBuildFile; fileRef = 9B7168BB29C4C4D800938E0B /* Assets.xcassets */; };
		9B7168BF29C4C4D800938E0B /* Preview Assets.xcassets in Resources */ = {isa = PBXBuildFile; fileRef = 9B7168BE29C4C4D800938E0B /* Preview Assets.xcassets */; };
		9B7168CB29C4C5B100938E0B /* Recipe.swift in Sources */ = {isa = PBXBuildFile; fileRef = 9B7168CA29C4C5B100938E0B /* Recipe.swift */; };
		9BD16FE22A5E4549004A741A /* ModifyMainInformationView.swift in Sources */ = {isa = PBXBuildFile; fileRef = 9BD16FE12A5E4549004A741A /* ModifyMainInformationView.swift */; };
		9BD16FE42A5E4E1A004A741A /* ModifyIngredientView.swift in Sources */ = {isa = PBXBuildFile; fileRef = 9BD16FE32A5E4E1A004A741A /* ModifyIngredientView.swift */; };
/* End PBXBuildFile section */

/* Begin PBXFileReference section */
		9B4721D329CAA01200FE352B /* RecipeData.swift */ = {isa = PBXFileReference; lastKnownFileType = sourcecode.swift; path = RecipeData.swift; sourceTree = "<group>"; };
		9B6DE9442A465CE200FA9E59 /* RecipeCategoryGridView.swift */ = {isa = PBXFileReference; lastKnownFileType = sourcecode.swift; path = RecipeCategoryGridView.swift; sourceTree = "<group>"; };
		9B6DE9462A4674E400FA9E59 /* RecipeDetailView.swift */ = {isa = PBXFileReference; lastKnownFileType = sourcecode.swift; path = RecipeDetailView.swift; sourceTree = "<group>"; };
		9B6DE9482A46756C00FA9E59 /* AppColor.swift */ = {isa = PBXFileReference; lastKnownFileType = sourcecode.swift; path = AppColor.swift; sourceTree = "<group>"; };
		9B6DE9662A48012D00FA9E59 /* ModifyRecipeView.swift */ = {isa = PBXFileReference; lastKnownFileType = sourcecode.swift; path = ModifyRecipeView.swift; sourceTree = "<group>"; };
		9B7168B429C4C4D600938E0B /* Cookademy.app */ = {isa = PBXFileReference; explicitFileType = wrapper.application; includeInIndex = 0; path = Cookademy.app; sourceTree = BUILT_PRODUCTS_DIR; };
		9B7168B729C4C4D600938E0B /* CookademyApp.swift */ = {isa = PBXFileReference; lastKnownFileType = sourcecode.swift; path = CookademyApp.swift; sourceTree = "<group>"; };
		9B7168B929C4C4D600938E0B /* RecipesListView.swift */ = {isa = PBXFileReference; lastKnownFileType = sourcecode.swift; path = RecipesListView.swift; sourceTree = "<group>"; };
		9B7168BB29C4C4D800938E0B /* Assets.xcassets */ = {isa = PBXFileReference; lastKnownFileType = folder.assetcatalog; path = Assets.xcassets; sourceTree = "<group>"; };
		9B7168BE29C4C4D800938E0B /* Preview Assets.xcassets */ = {isa = PBXFileReference; lastKnownFileType = folder.assetcatalog; path = "Preview Assets.xcassets"; sourceTree = "<group>"; };
		9B7168CA29C4C5B100938E0B /* Recipe.swift */ = {isa = PBXFileReference; lastKnownFileType = sourcecode.swift; path = Recipe.swift; sourceTree = "<group>"; };
		9BD16FE12A5E4549004A741A /* ModifyMainInformationView.swift */ = {isa = PBXFileReference; lastKnownFileType = sourcecode.swift; path = ModifyMainInformationView.swift; sourceTree = "<group>"; };
		9BD16FE32A5E4E1A004A741A /* ModifyIngredientView.swift */ = {isa = PBXFileReference; lastKnownFileType = sourcecode.swift; path = ModifyIngredientView.swift; sourceTree = "<group>"; };
/* End PBXFileReference section */

/* Begin PBXFrameworksBuildPhase section */
		9B7168B129C4C4D600938E0B /* Frameworks */ = {
			isa = PBXFrameworksBuildPhase;
			buildActionMask = 2147483647;
			files = (
			);
			runOnlyForDeploymentPostprocessing = 0;
		};
/* End PBXFrameworksBuildPhase section */

/* Begin PBXGroup section */
		9B4721D229CA9E0800FE352B /* ViewModels */ = {
			isa = PBXGroup;
			children = (
				9B4721D329CAA01200FE352B /* RecipeData.swift */,
				9B6DE9482A46756C00FA9E59 /* AppColor.swift */,
			);
			path = ViewModels;
			sourceTree = "<group>";
		};
		9B6DE9642A48004B00FA9E59 /* ExploreRecipes */ = {
			isa = PBXGroup;
			children = (
				9B7168B929C4C4D600938E0B /* RecipesListView.swift */,
				9B6DE9442A465CE200FA9E59 /* RecipeCategoryGridView.swift */,
				9B6DE9462A4674E400FA9E59 /* RecipeDetailView.swift */,
			);
			path = ExploreRecipes;
			sourceTree = "<group>";
		};
		9B6DE9652A48007B00FA9E59 /* ModifyRecipes */ = {
			isa = PBXGroup;
			children = (
				9B6DE9662A48012D00FA9E59 /* ModifyRecipeView.swift */,
				9BD16FE12A5E4549004A741A /* ModifyMainInformationView.swift */,
				9BD16FE32A5E4E1A004A741A /* ModifyIngredientView.swift */,
			);
			path = ModifyRecipes;
			sourceTree = "<group>";
		};
		9B7168AB29C4C4D600938E0B = {
			isa = PBXGroup;
			children = (
				9B7168B629C4C4D600938E0B /* Cookademy */,
				9B7168B529C4C4D600938E0B /* Products */,
			);
			sourceTree = "<group>";
		};
		9B7168B529C4C4D600938E0B /* Products */ = {
			isa = PBXGroup;
			children = (
				9B7168B429C4C4D600938E0B /* Cookademy.app */,
			);
			name = Products;
			sourceTree = "<group>";
		};
		9B7168B629C4C4D600938E0B /* Cookademy */ = {
			isa = PBXGroup;
			children = (
				9B4721D229CA9E0800FE352B /* ViewModels */,
				9B7168C529C4C52100938E0B /* Views */,
				9B7168C929C4C59300938E0B /* Models */,
				9B7168B729C4C4D600938E0B /* CookademyApp.swift */,
				9B7168BB29C4C4D800938E0B /* Assets.xcassets */,
				9B7168BD29C4C4D800938E0B /* Preview Content */,
			);
			path = Cookademy;
			sourceTree = "<group>";
		};
		9B7168BD29C4C4D800938E0B /* Preview Content */ = {
			isa = PBXGroup;
			children = (
				9B7168BE29C4C4D800938E0B /* Preview Assets.xcassets */,
			);
			path = "Preview Content";
			sourceTree = "<group>";
		};
		9B7168C529C4C52100938E0B /* Views */ = {
			isa = PBXGroup;
			children = (
				9B6DE9652A48007B00FA9E59 /* ModifyRecipes */,
				9B6DE9642A48004B00FA9E59 /* ExploreRecipes */,
			);
			path = Views;
			sourceTree = "<group>";
		};
		9B7168C929C4C59300938E0B /* Models */ = {
			isa = PBXGroup;
			children = (
				9B7168CA29C4C5B100938E0B /* Recipe.swift */,
			);
			path = Models;
			sourceTree = "<group>";
		};
/* End PBXGroup section */

/* Begin PBXNativeTarget section */
		9B7168B329C4C4D600938E0B /* Cookademy */ = {
			isa = PBXNativeTarget;
			buildConfigurationList = 9B7168C229C4C4D800938E0B /* Build configuration list for PBXNativeTarget "Cookademy" */;
			buildPhases = (
				9B7168B029C4C4D600938E0B /* Sources */,
				9B7168B129C4C4D600938E0B /* Frameworks */,
				9B7168B229C4C4D600938E0B /* Resources */,
			);
			buildRules = (
			);
			dependencies = (
			);
			name = Cookademy;
			productName = Cookademy;
			productReference = 9B7168B429C4C4D600938E0B /* Cookademy.app */;
			productType = "com.apple.product-type.application";
		};
/* End PBXNativeTarget section */

/* Begin PBXProject section */
		9B7168AC29C4C4D600938E0B /* Project object */ = {
			isa = PBXProject;
			attributes = {
				BuildIndependentTargetsInParallel = 1;
				LastSwiftUpdateCheck = 1420;
				LastUpgradeCheck = 1420;
				TargetAttributes = {
					9B7168B329C4C4D600938E0B = {
						CreatedOnToolsVersion = 14.2;
					};
				};
			};
			buildConfigurationList = 9B7168AF29C4C4D600938E0B /* Build configuration list for PBXProject "Cookademy" */;
			compatibilityVersion = "Xcode 14.0";
			developmentRegion = en;
			hasScannedForEncodings = 0;
			knownRegions = (
				en,
				Base,
			);
			mainGroup = 9B7168AB29C4C4D600938E0B;
			productRefGroup = 9B7168B529C4C4D600938E0B /* Products */;
			projectDirPath = "";
			projectRoot = "";
			targets = (
				9B7168B329C4C4D600938E0B /* Cookademy */,
			);
		};
/* End PBXProject section */

/* Begin PBXResourcesBuildPhase section */
		9B7168B229C4C4D600938E0B /* Resources */ = {
			isa = PBXResourcesBuildPhase;
			buildActionMask = 2147483647;
			files = (
				9B7168BF29C4C4D800938E0B /* Preview Assets.xcassets in Resources */,
				9B7168BC29C4C4D800938E0B /* Assets.xcassets in Resources */,
			);
			runOnlyForDeploymentPostprocessing = 0;
		};
/* End PBXResourcesBuildPhase section */

/* Begin PBXSourcesBuildPhase section */
		9B7168B029C4C4D600938E0B /* Sources */ = {
			isa = PBXSourcesBuildPhase;
			buildActionMask = 2147483647;
			files = (
				9B7168BA29C4C4D600938E0B /* RecipesListView.swift in Sources */,
				9B6DE9472A4674E400FA9E59 /* RecipeDetailView.swift in Sources */,
				9B6DE9452A465CE200FA9E59 /* RecipeCategoryGridView.swift in Sources */,
				9B6DE9492A46756C00FA9E59 /* AppColor.swift in Sources */,
				9B6DE9672A48012D00FA9E59 /* ModifyRecipeView.swift in Sources */,
				9B4721D429CAA01200FE352B /* RecipeData.swift in Sources */,
				9B7168B829C4C4D600938E0B /* CookademyApp.swift in Sources */,
				9BD16FE22A5E4549004A741A /* ModifyMainInformationView.swift in Sources */,
				9B7168CB29C4C5B100938E0B /* Recipe.swift in Sources */,
				9BD16FE42A5E4E1A004A741A /* ModifyIngredientView.swift in Sources */,
			);
			runOnlyForDeploymentPostprocessing = 0;
		};
/* End PBXSourcesBuildPhase section */

/* Begin XCBuildConfiguration section */
		9B7168C029C4C4D800938E0B /* Debug */ = {
			isa = XCBuildConfiguration;
			buildSettings = {
				ALWAYS_SEARCH_USER_PATHS = NO;
				CLANG_ANALYZER_NONNULL = YES;
				CLANG_ANALYZER_NUMBER_OBJECT_CONVERSION = YES_AGGRESSIVE;
				CLANG_CXX_LANGUAGE_STANDARD = "gnu++20";
				CLANG_ENABLE_MODULES = YES;
				CLANG_ENABLE_OBJC_ARC = YES;
				CLANG_ENABLE_OBJC_WEAK = YES;
				CLANG_WARN_BLOCK_CAPTURE_AUTORELEASING = YES;
				CLANG_WARN_BOOL_CONVERSION = YES;
				CLANG_WARN_COMMA = YES;
				CLANG_WARN_CONSTANT_CONVERSION = YES;
				CLANG_WARN_DEPRECATED_OBJC_IMPLEMENTATIONS = YES;
				CLANG_WARN_DIRECT_OBJC_ISA_USAGE = YES_ERROR;
				CLANG_WARN_DOCUMENTATION_COMMENTS = YES;
				CLANG_WARN_EMPTY_BODY = YES;
				CLANG_WARN_ENUM_CONVERSION = YES;
				CLANG_WARN_INFINITE_RECURSION = YES;
				CLANG_WARN_INT_CONVERSION = YES;
				CLANG_WARN_NON_LITERAL_NULL_CONVERSION = YES;
				CLANG_WARN_OBJC_IMPLICIT_RETAIN_SELF = YES;
				CLANG_WARN_OBJC_LITERAL_CONVERSION = YES;
				CLANG_WARN_OBJC_ROOT_CLASS = YES_ERROR;
				CLANG_WARN_QUOTED_INCLUDE_IN_FRAMEWORK_HEADER = YES;
				CLANG_WARN_RANGE_LOOP_ANALYSIS = YES;
				CLANG_WARN_STRICT_PROTOTYPES = YES;
				CLANG_WARN_SUSPICIOUS_MOVE = YES;
				CLANG_WARN_UNGUARDED_AVAILABILITY = YES_AGGRESSIVE;
				CLANG_WARN_UNREACHABLE_CODE = YES;
				CLANG_WARN__DUPLICATE_METHOD_MATCH = YES;
				COPY_PHASE_STRIP = NO;
				DEBUG_INFORMATION_FORMAT = dwarf;
				ENABLE_STRICT_OBJC_MSGSEND = YES;
				ENABLE_TESTABILITY = YES;
				GCC_C_LANGUAGE_STANDARD = gnu11;
				GCC_DYNAMIC_NO_PIC = NO;
				GCC_NO_COMMON_BLOCKS = YES;
				GCC_OPTIMIZATION_LEVEL = 0;
				GCC_PREPROCESSOR_DEFINITIONS = (
					"DEBUG=1",
					"$(inherited)",
				);
				GCC_WARN_64_TO_32_BIT_CONVERSION = YES;
				GCC_WARN_ABOUT_RETURN_TYPE = YES_ERROR;
				GCC_WARN_UNDECLARED_SELECTOR = YES;
				GCC_WARN_UNINITIALIZED_AUTOS = YES_AGGRESSIVE;
				GCC_WARN_UNUSED_FUNCTION = YES;
				GCC_WARN_UNUSED_VARIABLE = YES;
				IPHONEOS_DEPLOYMENT_TARGET = 16.2;
				MTL_ENABLE_DEBUG_INFO = INCLUDE_SOURCE;
				MTL_FAST_MATH = YES;
				ONLY_ACTIVE_ARCH = YES;
				SDKROOT = iphoneos;
				SWIFT_ACTIVE_COMPILATION_CONDITIONS = DEBUG;
				SWIFT_OPTIMIZATION_LEVEL = "-Onone";
			};
			name = Debug;
		};
		9B7168C129C4C4D800938E0B /* Release */ = {
			isa = XCBuildConfiguration;
			buildSettings = {
				ALWAYS_SEARCH_USER_PATHS = NO;
				CLANG_ANALYZER_NONNULL = YES;
				CLANG_ANALYZER_NUMBER_OBJECT_CONVERSION = YES_AGGRESSIVE;
				CLANG_CXX_LANGUAGE_STANDARD = "gnu++20";
				CLANG_ENABLE_MODULES = YES;
				CLANG_ENABLE_OBJC_ARC = YES;
				CLANG_ENABLE_OBJC_WEAK = YES;
				CLANG_WARN_BLOCK_CAPTURE_AUTORELEASING = YES;
				CLANG_WARN_BOOL_CONVERSION = YES;
				CLANG_WARN_COMMA = YES;
				CLANG_WARN_CONSTANT_CONVERSION = YES;
				CLANG_WARN_DEPRECATED_OBJC_IMPLEMENTATIONS = YES;
				CLANG_WARN_DIRECT_OBJC_ISA_USAGE = YES_ERROR;
				CLANG_WARN_DOCUMENTATION_COMMENTS = YES;
				CLANG_WARN_EMPTY_BODY = YES;
				CLANG_WARN_ENUM_CONVERSION = YES;
				CLANG_WARN_INFINITE_RECURSION = YES;
				CLANG_WARN_INT_CONVERSION = YES;
				CLANG_WARN_NON_LITERAL_NULL_CONVERSION = YES;
				CLANG_WARN_OBJC_IMPLICIT_RETAIN_SELF = YES;
				CLANG_WARN_OBJC_LITERAL_CONVERSION = YES;
				CLANG_WARN_OBJC_ROOT_CLASS = YES_ERROR;
				CLANG_WARN_QUOTED_INCLUDE_IN_FRAMEWORK_HEADER = YES;
				CLANG_WARN_RANGE_LOOP_ANALYSIS = YES;
				CLANG_WARN_STRICT_PROTOTYPES = YES;
				CLANG_WARN_SUSPICIOUS_MOVE = YES;
				CLANG_WARN_UNGUARDED_AVAILABILITY = YES_AGGRESSIVE;
				CLANG_WARN_UNREACHABLE_CODE = YES;
				CLANG_WARN__DUPLICATE_METHOD_MATCH = YES;
				COPY_PHASE_STRIP = NO;
				DEBUG_INFORMATION_FORMAT = "dwarf-with-dsym";
				ENABLE_NS_ASSERTIONS = NO;
				ENABLE_STRICT_OBJC_MSGSEND = YES;
				GCC_C_LANGUAGE_STANDARD = gnu11;
				GCC_NO_COMMON_BLOCKS = YES;
				GCC_WARN_64_TO_32_BIT_CONVERSION = YES;
				GCC_WARN_ABOUT_RETURN_TYPE = YES_ERROR;
				GCC_WARN_UNDECLARED_SELECTOR = YES;
				GCC_WARN_UNINITIALIZED_AUTOS = YES_AGGRESSIVE;
				GCC_WARN_UNUSED_FUNCTION = YES;
				GCC_WARN_UNUSED_VARIABLE = YES;
				IPHONEOS_DEPLOYMENT_TARGET = 16.2;
				MTL_ENABLE_DEBUG_INFO = NO;
				MTL_FAST_MATH = YES;
				SDKROOT = iphoneos;
				SWIFT_COMPILATION_MODE = wholemodule;
				SWIFT_OPTIMIZATION_LEVEL = "-O";
				VALIDATE_PRODUCT = YES;
			};
			name = Release;
		};
		9B7168C329C4C4D800938E0B /* Debug */ = {
			isa = XCBuildConfiguration;
			buildSettings = {
				ASSETCATALOG_COMPILER_APPICON_NAME = AppIcon;
				ASSETCATALOG_COMPILER_GLOBAL_ACCENT_COLOR_NAME = AccentColor;
				CODE_SIGN_STYLE = Automatic;
				CURRENT_PROJECT_VERSION = 1;
				DEVELOPMENT_ASSET_PATHS = "\"Cookademy/Preview Content\"";
				DEVELOPMENT_TEAM = 4LC4FGMZQ8;
				ENABLE_PREVIEWS = YES;
				GENERATE_INFOPLIST_FILE = YES;
				INFOPLIST_KEY_UIApplicationSceneManifest_Generation = YES;
				INFOPLIST_KEY_UIApplicationSupportsIndirectInputEvents = YES;
				INFOPLIST_KEY_UILaunchScreen_Generation = YES;
				INFOPLIST_KEY_UISupportedInterfaceOrientations_iPad = "UIInterfaceOrientationPortrait UIInterfaceOrientationPortraitUpsideDown UIInterfaceOrientationLandscapeLeft UIInterfaceOrientationLandscapeRight";
				INFOPLIST_KEY_UISupportedInterfaceOrientations_iPhone = "UIInterfaceOrientationPortrait UIInterfaceOrientationLandscapeLeft UIInterfaceOrientationLandscapeRight";
				LD_RUNPATH_SEARCH_PATHS = (
					"$(inherited)",
					"@executable_path/Frameworks",
				);
				MARKETING_VERSION = 1.0;
				PRODUCT_BUNDLE_IDENTIFIER = com.richpolanco.Cookademy;
				PRODUCT_NAME = "$(TARGET_NAME)";
				SWIFT_EMIT_LOC_STRINGS = YES;
				SWIFT_VERSION = 5.0;
				TARGETED_DEVICE_FAMILY = "1,2";
			};
			name = Debug;
		};
		9B7168C429C4C4D800938E0B /* Release */ = {
			isa = XCBuildConfiguration;
			buildSettings = {
				ASSETCATALOG_COMPILER_APPICON_NAME = AppIcon;
				ASSETCATALOG_COMPILER_GLOBAL_ACCENT_COLOR_NAME = AccentColor;
				CODE_SIGN_STYLE = Automatic;
				CURRENT_PROJECT_VERSION = 1;
				DEVELOPMENT_ASSET_PATHS = "\"Cookademy/Preview Content\"";
				DEVELOPMENT_TEAM = 4LC4FGMZQ8;
				ENABLE_PREVIEWS = YES;
				GENERATE_INFOPLIST_FILE = YES;
				INFOPLIST_KEY_UIApplicationSceneManifest_Generation = YES;
				INFOPLIST_KEY_UIApplicationSupportsIndirectInputEvents = YES;
				INFOPLIST_KEY_UILaunchScreen_Generation = YES;
				INFOPLIST_KEY_UISupportedInterfaceOrientations_iPad = "UIInterfaceOrientationPortrait UIInterfaceOrientationPortraitUpsideDown UIInterfaceOrientationLandscapeLeft UIInterfaceOrientationLandscapeRight";
				INFOPLIST_KEY_UISupportedInterfaceOrientations_iPhone = "UIInterfaceOrientationPortrait UIInterfaceOrientationLandscapeLeft UIInterfaceOrientationLandscapeRight";
				LD_RUNPATH_SEARCH_PATHS = (
					"$(inherited)",
					"@executable_path/Frameworks",
				);
				MARKETING_VERSION = 1.0;
				PRODUCT_BUNDLE_IDENTIFIER = com.richpolanco.Cookademy;
				PRODUCT_NAME = "$(TARGET_NAME)";
				SWIFT_EMIT_LOC_STRINGS = YES;
				SWIFT_VERSION = 5.0;
				TARGETED_DEVICE_FAMILY = "1,2";
			};
			name = Release;
		};
/* End XCBuildConfiguration section */

/* Begin XCConfigurationList section */
		9B7168AF29C4C4D600938E0B /* Build configuration list for PBXProject "Cookademy" */ = {
			isa = XCConfigurationList;
			buildConfigurations = (
				9B7168C029C4C4D800938E0B /* Debug */,
				9B7168C129C4C4D800938E0B /* Release */,
			);
			defaultConfigurationIsVisible = 0;
			defaultConfigurationName = Release;
		};
		9B7168C229C4C4D800938E0B /* Build configuration list for PBXNativeTarget "Cookademy" */ = {
			isa = XCConfigurationList;
			buildConfigurations = (
				9B7168C329C4C4D800938E0B /* Debug */,
				9B7168C429C4C4D800938E0B /* Release */,
			);
			defaultConfigurationIsVisible = 0;
			defaultConfigurationName = Release;
		};
/* End XCConfigurationList section */
	};
	rootObject = 9B7168AC29C4C4D600938E0B /* Project object */;
}
